
Microsoft Visual Studio Solution File, Format Version 12.00
# Visual Studio Version 16
VisualStudioVersion = 16.0.30804.86
MinimumVisualStudioVersion = 10.0.40219.1
Project("{FAE04EC0-301F-11D3-BF4B-00C04F79EFBC}") = "Do_An_Cuoi_Ki", "Do_An_Cuoi_Ki\Do_An_Cuoi_Ki.csproj", "{FAB2BD8B-7350-44B9-B092-E445D370A996}"
EndProject
Global
	GlobalSection(SolutionConfigurationPlatforms) = preSolution
		Debug|Any CPU = Debug|Any CPU
		Release|Any CPU = Release|Any CPU
	EndGlobalSection
	GlobalSection(ProjectConfigurationPlatforms) = postSolution
		{FAB2BD8B-7350-44B9-B092-E445D370A996}.Debug|Any CPU.ActiveCfg = Debug|Any CPU
		{FAB2BD8B-7350-44B9-B092-E445D370A996}.Debug|Any CPU.Build.0 = Debug|Any CPU
		{FAB2BD8B-7350-44B9-B092-E445D370A996}.Release|Any CPU.ActiveCfg = Release|Any CPU
		{FAB2BD8B-7350-44B9-B092-E445D370A996}.Release|Any CPU.Build.0 = Release|Any CPU
	EndGlobalSection
	GlobalSection(SolutionProperties) = preSolution
		HideSolutionNode = FALSE
	EndGlobalSection
	GlobalSection(ExtensibilityGlobals) = postSolution
		SolutionGuid = {844E0932-7A3A-46EE-B4EF-0DAB87B08B3B}
	EndGlobalSection
EndGlobal
